// !$*UTF8*$!
{
	archiveVersion = 1;
	classes = {
	};
	objectVersion = 46;
	objects = {

/* Begin PBXBuildFile section */
		1B81729DE0BC0A4EA38C9000 /* Pods_AutoSizingDemo.framework in Frameworks */ = {isa = PBXBuildFile; fileRef = 7A4D4C436F27734F0FA9DE86 /* Pods_AutoSizingDemo.framework */; };
		8EDD83A61C3E5A140079AECB /* AppDelegate.swift in Sources */ = {isa = PBXBuildFile; fileRef = 8EDD83A51C3E5A140079AECB /* AppDelegate.swift */; };
		8EDD83A81C3E5A140079AECB /* ViewController.swift in Sources */ = {isa = PBXBuildFile; fileRef = 8EDD83A71C3E5A140079AECB /* ViewController.swift */; };
		8EDD83AD1C3E5A140079AECB /* Assets.xcassets in Resources */ = {isa = PBXBuildFile; fileRef = 8EDD83AC1C3E5A140079AECB /* Assets.xcassets */; };
		8EDD83B01C3E5A140079AECB /* LaunchScreen.storyboard in Resources */ = {isa = PBXBuildFile; fileRef = 8EDD83AE1C3E5A140079AECB /* LaunchScreen.storyboard */; };
/* End PBXBuildFile section */

/* Begin PBXFileReference section */
		3AAED22ECDF6D699C0AF096E /* Pods-AutoSizingDemo.release.xcconfig */ = {isa = PBXFileReference; includeInIndex = 1; lastKnownFileType = text.xcconfig; name = "Pods-AutoSizingDemo.release.xcconfig"; path = "Pods/Target Support Files/Pods-AutoSizingDemo/Pods-AutoSizingDemo.release.xcconfig"; sourceTree = "<group>"; };
		7A4D4C436F27734F0FA9DE86 /* Pods_AutoSizingDemo.framework */ = {isa = PBXFileReference; explicitFileType = wrapper.framework; includeInIndex = 0; path = Pods_AutoSizingDemo.framework; sourceTree = BUILT_PRODUCTS_DIR; };
		8EDD83A21C3E5A140079AECB /* AutoSizingDemo.app */ = {isa = PBXFileReference; explicitFileType = wrapper.application; includeInIndex = 0; path = AutoSizingDemo.app; sourceTree = BUILT_PRODUCTS_DIR; };
		8EDD83A51C3E5A140079AECB /* AppDelegate.swift */ = {isa = PBXFileReference; lastKnownFileType = sourcecode.swift; path = AppDelegate.swift; sourceTree = "<group>"; };
		8EDD83A71C3E5A140079AECB /* ViewController.swift */ = {isa = PBXFileReference; lastKnownFileType = sourcecode.swift; path = ViewController.swift; sourceTree = "<group>"; };
		8EDD83AC1C3E5A140079AECB /* Assets.xcassets */ = {isa = PBXFileReference; lastKnownFileType = folder.assetcatalog; path = Assets.xcassets; sourceTree = "<group>"; };
		8EDD83AF1C3E5A140079AECB /* Base */ = {isa = PBXFileReference; lastKnownFileType = file.storyboard; name = Base; path = Base.lproj/LaunchScreen.storyboard; sourceTree = "<group>"; };
		8EDD83B11C3E5A140079AECB /* Info.plist */ = {isa = PBXFileReference; lastKnownFileType = text.plist.xml; path = Info.plist; sourceTree = "<group>"; };
		C61CDCCF9E222B1C185AE8A9 /* Pods-AutoSizingDemo.debug.xcconfig */ = {isa = PBXFileReference; includeInIndex = 1; lastKnownFileType = text.xcconfig; name = "Pods-AutoSizingDemo.debug.xcconfig"; path = "Pods/Target Support Files/Pods-AutoSizingDemo/Pods-AutoSizingDemo.debug.xcconfig"; sourceTree = "<group>"; };
/* End PBXFileReference section */

/* Begin PBXFrameworksBuildPhase section */
		8EDD839F1C3E5A140079AECB /* Frameworks */ = {
			isa = PBXFrameworksBuildPhase;
			buildActionMask = 2147483647;
			files = (
				1B81729DE0BC0A4EA38C9000 /* Pods_AutoSizingDemo.framework in Frameworks */,
			);
			runOnlyForDeploymentPostprocessing = 0;
		};
/* End PBXFrameworksBuildPhase section */

/* Begin PBXGroup section */
		8EDD83991C3E5A140079AECB = {
			isa = PBXGroup;
			children = (
				8EDD83A41C3E5A140079AECB /* AutoSizingDemo */,
				8EDD83A31C3E5A140079AECB /* Products */,
				A84689BC8BE53DA0D790E38E /* Pods */,
				D64EA4EEB2DCB5727FEFE5F8 /* Frameworks */,
			);
			sourceTree = "<group>";
		};
		8EDD83A31C3E5A140079AECB /* Products */ = {
			isa = PBXGroup;
			children = (
				8EDD83A21C3E5A140079AECB /* AutoSizingDemo.app */,
			);
			name = Products;
			sourceTree = "<group>";
		};
		8EDD83A41C3E5A140079AECB /* AutoSizingDemo */ = {
			isa = PBXGroup;
			children = (
				8EDD83A51C3E5A140079AECB /* AppDelegate.swift */,
				8EDD83A71C3E5A140079AECB /* ViewController.swift */,
				8EDD83AC1C3E5A140079AECB /* Assets.xcassets */,
				8EDD83AE1C3E5A140079AECB /* LaunchScreen.storyboard */,
				8EDD83B11C3E5A140079AECB /* Info.plist */,
			);
			path = AutoSizingDemo;
			sourceTree = "<group>";
		};
		A84689BC8BE53DA0D790E38E /* Pods */ = {
			isa = PBXGroup;
			children = (
				C61CDCCF9E222B1C185AE8A9 /* Pods-AutoSizingDemo.debug.xcconfig */,
				3AAED22ECDF6D699C0AF096E /* Pods-AutoSizingDemo.release.xcconfig */,
			);
			name = Pods;
			sourceTree = "<group>";
		};
		D64EA4EEB2DCB5727FEFE5F8 /* Frameworks */ = {
			isa = PBXGroup;
			children = (
				7A4D4C436F27734F0FA9DE86 /* Pods_AutoSizingDemo.framework */,
			);
			name = Frameworks;
			sourceTree = "<group>";
		};
/* End PBXGroup section */

/* Begin PBXNativeTarget section */
		8EDD83A11C3E5A140079AECB /* AutoSizingDemo */ = {
			isa = PBXNativeTarget;
			buildConfigurationList = 8EDD83B41C3E5A140079AECB /* Build configuration list for PBXNativeTarget "AutoSizingDemo" */;
			buildPhases = (
				CEA3A0062318876FEE6CE55C /* Check Pods Manifest.lock */,
				8EDD839E1C3E5A140079AECB /* Sources */,
				8EDD839F1C3E5A140079AECB /* Frameworks */,
				8EDD83A01C3E5A140079AECB /* Resources */,
				A0BF3391AB67685A25172150 /* Embed Pods Frameworks */,
				18E1168000CB271F8E378D5E /* Copy Pods Resources */,
			);
			buildRules = (
			);
			dependencies = (
			);
			name = AutoSizingDemo;
			productName = AutoSizingDemo;
			productReference = 8EDD83A21C3E5A140079AECB /* AutoSizingDemo.app */;
			productType = "com.apple.product-type.application";
		};
/* End PBXNativeTarget section */

/* Begin PBXProject section */
		8EDD839A1C3E5A140079AECB /* Project object */ = {
			isa = PBXProject;
			attributes = {
				LastSwiftUpdateCheck = 0720;
				LastUpgradeCheck = 0720;
				ORGANIZATIONNAME = Yangapp.com;
				TargetAttributes = {
					8EDD83A11C3E5A140079AECB = {
						CreatedOnToolsVersion = 7.2;
					};
				};
			};
			buildConfigurationList = 8EDD839D1C3E5A140079AECB /* Build configuration list for PBXProject "AutoSizingDemo" */;
			compatibilityVersion = "Xcode 3.2";
			developmentRegion = English;
			hasScannedForEncodings = 0;
			knownRegions = (
				en,
				Base,
			);
			mainGroup = 8EDD83991C3E5A140079AECB;
			productRefGroup = 8EDD83A31C3E5A140079AECB /* Products */;
			projectDirPath = "";
			projectRoot = "";
			targets = (
				8EDD83A11C3E5A140079AECB /* AutoSizingDemo */,
			);
		};
/* End PBXProject section */

/* Begin PBXResourcesBuildPhase section */
		8EDD83A01C3E5A140079AECB /* Resources */ = {
			isa = PBXResourcesBuildPhase;
			buildActionMask = 2147483647;
			files = (
				8EDD83B01C3E5A140079AECB /* LaunchScreen.storyboard in Resources */,
				8EDD83AD1C3E5A140079AECB /* Assets.xcassets in Resources */,
			);
			runOnlyForDeploymentPostprocessing = 0;
		};
/* End PBXResourcesBuildPhase section */

/* Begin PBXShellScriptBuildPhase section */
		18E1168000CB271F8E378D5E /* Copy Pods Resources */ = {
			isa = PBXShellScriptBuildPhase;
			buildActionMask = 2147483647;
			files = (
			);
			inputPaths = (
			);
			name = "Copy Pods Resources";
			outputPaths = (
			);
			runOnlyForDeploymentPostprocessing = 0;
			shellPath = /bin/sh;
			shellScript = "\"${SRCROOT}/Pods/Target Support Files/Pods-AutoSizingDemo/Pods-AutoSizingDemo-resources.sh\"\n";
			showEnvVarsInLog = 0;
		};
		A0BF3391AB67685A25172150 /* Embed Pods Frameworks */ = {
			isa = PBXShellScriptBuildPhase;
			buildActionMask = 2147483647;
			files = (
			);
			inputPaths = (
			);
			name = "Embed Pods Frameworks";
			outputPaths = (
			);
			runOnlyForDeploymentPostprocessing = 0;
			shellPath = /bin/sh;
			shellScript = "\"${SRCROOT}/Pods/Target Support Files/Pods-AutoSizingDemo/Pods-AutoSizingDemo-frameworks.sh\"\n";
			showEnvVarsInLog = 0;
		};
		CEA3A0062318876FEE6CE55C /* Check Pods Manifest.lock */ = {
			isa = PBXShellScriptBuildPhase;
			buildActionMask = 2147483647;
			files = (
			);
			inputPaths = (
			);
			name = "Check Pods Manifest.lock";
			outputPaths = (
			);
			runOnlyForDeploymentPostprocessing = 0;
			shellPath = /bin/sh;
			shellScript = "diff \"${PODS_ROOT}/../Podfile.lock\" \"${PODS_ROOT}/Manifest.lock\" > /dev/null\nif [[ $? != 0 ]] ; then\n    cat << EOM\nerror: The sandbox is not in sync with the Podfile.lock. Run 'pod install' or update your CocoaPods installation.\nEOM\n    exit 1\nfi\n";
			showEnvVarsInLog = 0;
		};
/* End PBXShellScriptBuildPhase section */

/* Begin PBXSourcesBuildPhase section */
		8EDD839E1C3E5A140079AECB /* Sources */ = {
			isa = PBXSourcesBuildPhase;
			buildActionMask = 2147483647;
			files = (
				8EDD83A81C3E5A140079AECB /* ViewController.swift in Sources */,
				8EDD83A61C3E5A140079AECB /* AppDelegate.swift in Sources */,
			);
			runOnlyForDeploymentPostprocessing = 0;
		};
/* End PBXSourcesBuildPhase section */

/* Begin PBXVariantGroup section */
		8EDD83AE1C3E5A140079AECB /* LaunchScreen.storyboard */ = {
			isa = PBXVariantGroup;
			children = (
				8EDD83AF1C3E5A140079AECB /* Base */,
			);
			name = LaunchScreen.storyboard;
			sourceTree = "<group>";
		};
/* End PBXVariantGroup section */

/* Begin XCBuildConfiguration section */
		8EDD83B21C3E5A140079AECB /* Debug */ = {
			isa = XCBuildConfiguration;
			buildSettings = {
				ALWAYS_SEARCH_USER_PATHS = NO;
				CLANG_CXX_LANGUAGE_STANDARD = "gnu++0x";
				CLANG_CXX_LIBRARY = "libc++";
				CLANG_ENABLE_MODULES = YES;
				CLANG_ENABLE_OBJC_ARC = YES;
				CLANG_WARN_BOOL_CONVERSION = YES;
				CLANG_WARN_CONSTANT_CONVERSION = YES;
				CLANG_WARN_DIRECT_OBJC_ISA_USAGE = YES_ERROR;
				CLANG_WARN_EMPTY_BODY = YES;
				CLANG_WARN_ENUM_CONVERSION = YES;
				CLANG_WARN_INT_CONVERSION = YES;
				CLANG_WARN_OBJC_ROOT_CLASS = YES_ERROR;
				CLANG_WARN_UNREACHABLE_CODE = YES;
				CLANG_WARN__DUPLICATE_METHOD_MATCH = YES;
				"CODE_SIGN_IDENTITY[sdk=iphoneos*]" = "iPhone Developer";
				COPY_PHASE_STRIP = NO;
				DEBUG_INFORMATION_FORMAT = dwarf;
				ENABLE_STRICT_OBJC_MSGSEND = YES;
				ENABLE_TESTABILITY = YES;
				GCC_C_LANGUAGE_STANDARD = gnu99;
				GCC_DYNAMIC_NO_PIC = NO;
				GCC_NO_COMMON_BLOCKS = YES;
				GCC_OPTIMIZATION_LEVEL = 0;
				GCC_PREPROCESSOR_DEFINITIONS = (
					"DEBUG=1",
					"$(inherited)",
				);
				GCC_WARN_64_TO_32_BIT_CONVERSION = YES;
				GCC_WARN_ABOUT_RETURN_TYPE = YES_ERROR;
				GCC_WARN_UNDECLARED_SELECTOR = YES;
				GCC_WARN_UNINITIALIZED_AUTOS = YES_AGGRESSIVE;
				GCC_WARN_UNUSED_FUNCTION = YES;
				GCC_WARN_UNUSED_VARIABLE = YES;
				IPHONEOS_DEPLOYMENT_TARGET = 9.2;
				MTL_ENABLE_DEBUG_INFO = YES;
				ONLY_ACTIVE_ARCH = YES;
				SDKROOT = iphoneos;
				SWIFT_OPTIMIZATION_LEVEL = "-Onone";
			};
			name = Debug;
		};
		8EDD83B31C3E5A140079AECB /* Release */ = {
			isa = XCBuildConfiguration;
			buildSettings = {
				ALWAYS_SEARCH_USER_PATHS = NO;
				CLANG_CXX_LANGUAGE_STANDARD = "gnu++0x";
				CLANG_CXX_LIBRARY = "libc++";
				CLANG_ENABLE_MODULES = YES;
				CLANG_ENABLE_OBJC_ARC = YES;
				CLANG_WARN_BOOL_CONVERSION = YES;
				CLANG_WARN_CONSTANT_CONVERSION = YES;
				CLANG_WARN_DIRECT_OBJC_ISA_USAGE = YES_ERROR;
				CLANG_WARN_EMPTY_BODY = YES;
				CLANG_WARN_ENUM_CONVERSION = YES;
				CLANG_WARN_INT_CONVERSION = YES;
				CLANG_WARN_OBJC_ROOT_CLASS = YES_ERROR;
				CLANG_WARN_UNREACHABLE_CODE = YES;
				CLANG_WARN__DUPLICATE_METHOD_MATCH = YES;
				"CODE_SIGN_IDENTITY[sdk=iphoneos*]" = "iPhone Developer";
				COPY_PHASE_STRIP = NO;
				DEBUG_INFORMATION_FORMAT = "dwarf-with-dsym";
				ENABLE_NS_ASSERTIONS = NO;
				ENABLE_STRICT_OBJC_MSGSEND = YES;
				GCC_C_LANGUAGE_STANDARD = gnu99;
				GCC_NO_COMMON_BLOCKS = YES;
				GCC_WARN_64_TO_32_BIT_CONVERSION = YES;
				GCC_WARN_ABOUT_RETURN_TYPE = YES_ERROR;
				GCC_WARN_UNDECLARED_SELECTOR = YES;
				GCC_WARN_UNINITIALIZED_AUTOS = YES_AGGRESSIVE;
				GCC_WARN_UNUSED_FUNCTION = YES;
				GCC_WARN_UNUSED_VARIABLE = YES;
				IPHONEOS_DEPLOYMENT_TARGET = 9.2;
				MTL_ENABLE_DEBUG_INFO = NO;
				SDKROOT = iphoneos;
				VALIDATE_PRODUCT = YES;
			};
			name = Release;
		};
		8EDD83B51C3E5A140079AECB /* Debug */ = {
			isa = XCBuildConfiguration;
			baseConfigurationReference = C61CDCCF9E222B1C185AE8A9 /* Pods-AutoSizingDemo.debug.xcconfig */;
			buildSettings = {
				ASSETCATALOG_COMPILER_APPICON_NAME = AppIcon;
				INFOPLIST_FILE = AutoSizingDemo/Info.plist;
				LD_RUNPATH_SEARCH_PATHS = "$(inherited) @executable_path/Frameworks";
				PRODUCT_BUNDLE_IDENTIFIER = com.yangapp.AutoSizingDemo;
				PRODUCT_NAME = "$(TARGET_NAME)";
			};
			name = Debug;
		};
		8EDD83B61C3E5A140079AECB /* Release */ = {
			isa = XCBuildConfiguration;
			baseConfigurationReference = 3AAED22ECDF6D699C0AF096E /* Pods-AutoSizingDemo.release.xcconfig */;
			buildSettings = {
				ASSETCATALOG_COMPILER_APPICON_NAME = AppIcon;
				INFOPLIST_FILE = AutoSizingDemo/Info.plist;
				LD_RUNPATH_SEARCH_PATHS = "$(inherited) @executable_path/Frameworks";
				PRODUCT_BUNDLE_IDENTIFIER = com.yangapp.AutoSizingDemo;
				PRODUCT_NAME = "$(TARGET_NAME)";
			};
			name = Release;
		};
/* End XCBuildConfiguration section */

/* Begin XCConfigurationList section */
		8EDD839D1C3E5A140079AECB /* Build configuration list for PBXProject "AutoSizingDemo" */ = {
			isa = XCConfigurationList;
			buildConfigurations = (
				8EDD83B21C3E5A140079AECB /* Debug */,
				8EDD83B31C3E5A140079AECB /* Release */,
			);
			defaultConfigurationIsVisible = 0;
			defaultConfigurationName = Release;
		};
		8EDD83B41C3E5A140079AECB /* Build configuration list for PBXNativeTarget "AutoSizingDemo" */ = {
			isa = XCConfigurationList;
			buildConfigurations = (
				8EDD83B51C3E5A140079AECB /* Debug */,
				8EDD83B61C3E5A140079AECB /* Release */,
			);
			defaultConfigurationIsVisible = 0;
			defaultConfigurationName = Release;
		};
/* End XCConfigurationList section */
	};
	rootObject = 8EDD839A1C3E5A140079AECB /* Project object */;
}
